// !$*UTF8*$!
{
	archiveVersion = 1;
	classes = {
	};
	objectVersion = 46;
	objects = {

/* Begin PBXBuildFile section */
		02439D911DE22C82008CB292 /* Networking.swift in Sources */ = {isa = PBXBuildFile; fileRef = 02439D901DE22C82008CB292 /* Networking.swift */; };
		02E521E81D340E3C007949E6 /* Model.swift in Sources */ = {isa = PBXBuildFile; fileRef = 02E521E71D340E3C007949E6 /* Model.swift */; };
		02E522271D342B3D007949E6 /* Goal+CoreDataProperties.swift in Sources */ = {isa = PBXBuildFile; fileRef = 02E522231D342B3D007949E6 /* Goal+CoreDataProperties.swift */; };
		02E522281D342B3D007949E6 /* Goal.swift in Sources */ = {isa = PBXBuildFile; fileRef = 02E522241D342B3D007949E6 /* Goal.swift */; };
		02E5222E1D342CA2007949E6 /* GoalCell.swift in Sources */ = {isa = PBXBuildFile; fileRef = 02E5222D1D342CA2007949E6 /* GoalCell.swift */; };
		02E522301D342CAC007949E6 /* ActionCell.swift in Sources */ = {isa = PBXBuildFile; fileRef = 02E5222F1D342CAC007949E6 /* ActionCell.swift */; };
		05A106E7BDD6440EDFA3C4FE /* Pods_Simple.framework in Frameworks */ = {isa = PBXBuildFile; fileRef = DF992F1BA2F437767AA9B81E /* Pods_Simple.framework */; };
		BE607F591D352A0000D02127 /* Action+CoreDataProperties.swift in Sources */ = {isa = PBXBuildFile; fileRef = BE607F571D352A0000D02127 /* Action+CoreDataProperties.swift */; };
		BE607F5A1D352A0000D02127 /* Action.swift in Sources */ = {isa = PBXBuildFile; fileRef = BE607F581D352A0000D02127 /* Action.swift */; };
		BE607F5C1D352A8200D02127 /* CheckBoxLayer.swift in Sources */ = {isa = PBXBuildFile; fileRef = BE607F5B1D352A8200D02127 /* CheckBoxLayer.swift */; };
		BE607F5E1D352A9300D02127 /* CheckBox.swift in Sources */ = {isa = PBXBuildFile; fileRef = BE607F5D1D352A9300D02127 /* CheckBox.swift */; };
		BE607F641D36832300D02127 /* SCLAlertView.swift in Sources */ = {isa = PBXBuildFile; fileRef = BE607F631D36832300D02127 /* SCLAlertView.swift */; };
		BE68EBB51DE2DEB300E487DA /* Constants.swift in Sources */ = {isa = PBXBuildFile; fileRef = BE68EBB41DE2DEB300E487DA /* Constants.swift */; };
		BEF8A3391D23B9A00042F601 /* AppDelegate.swift in Sources */ = {isa = PBXBuildFile; fileRef = BEF8A3381D23B9A00042F601 /* AppDelegate.swift */; };
		BEF8A33C1D23B9A00042F601 /* Simple.xcdatamodeld in Sources */ = {isa = PBXBuildFile; fileRef = BEF8A33A1D23B9A00042F601 /* Simple.xcdatamodeld */; };
		BEF8A33E1D23B9A00042F601 /* GoalsVC.swift in Sources */ = {isa = PBXBuildFile; fileRef = BEF8A33D1D23B9A00042F601 /* GoalsVC.swift */; };
		BEF8A3401D23B9A00042F601 /* ActionsVC.swift in Sources */ = {isa = PBXBuildFile; fileRef = BEF8A33F1D23B9A00042F601 /* ActionsVC.swift */; };
		BEF8A3431D23B9A00042F601 /* Main.storyboard in Resources */ = {isa = PBXBuildFile; fileRef = BEF8A3411D23B9A00042F601 /* Main.storyboard */; };
		BEF8A3451D23B9A00042F601 /* Assets.xcassets in Resources */ = {isa = PBXBuildFile; fileRef = BEF8A3441D23B9A00042F601 /* Assets.xcassets */; };
		BEF8A3481D23B9A00042F601 /* LaunchScreen.storyboard in Resources */ = {isa = PBXBuildFile; fileRef = BEF8A3461D23B9A00042F601 /* LaunchScreen.storyboard */; };
		BEFB8DE41D7090F800FE3929 /* NotificationCenter.framework in Frameworks */ = {isa = PBXBuildFile; fileRef = BEFB8DCF1D70905200FE3929 /* NotificationCenter.framework */; };
		BEFB8DE71D7090F800FE3929 /* TodayViewController.swift in Sources */ = {isa = PBXBuildFile; fileRef = BEFB8DE61D7090F800FE3929 /* TodayViewController.swift */; };
		BEFB8DEA1D7090F800FE3929 /* MainInterface.storyboard in Resources */ = {isa = PBXBuildFile; fileRef = BEFB8DE81D7090F800FE3929 /* MainInterface.storyboard */; };
		BEFB8DEE1D7090F800FE3929 /* Just Do It.appex in Embed App Extensions */ = {isa = PBXBuildFile; fileRef = BEFB8DE31D7090F800FE3929 /* Just Do It.appex */; settings = {ATTRIBUTES = (RemoveHeadersOnCopy, ); }; };
/* End PBXBuildFile section */

/* Begin PBXContainerItemProxy section */
		BEFB8DEC1D7090F800FE3929 /* PBXContainerItemProxy */ = {
			isa = PBXContainerItemProxy;
			containerPortal = BEF8A32D1D23B9A00042F601 /* Project object */;
			proxyType = 1;
			remoteGlobalIDString = BEFB8DE21D7090F800FE3929;
			remoteInfo = "Just Do It";
		};
/* End PBXContainerItemProxy section */

/* Begin PBXCopyFilesBuildPhase section */
		BEFB8DDE1D70905200FE3929 /* Embed App Extensions */ = {
			isa = PBXCopyFilesBuildPhase;
			buildActionMask = 2147483647;
			dstPath = "";
			dstSubfolderSpec = 13;
			files = (
				BEFB8DEE1D7090F800FE3929 /* Just Do It.appex in Embed App Extensions */,
			);
			name = "Embed App Extensions";
			runOnlyForDeploymentPostprocessing = 0;
		};
/* End PBXCopyFilesBuildPhase section */

/* Begin PBXFileReference section */
		02439D901DE22C82008CB292 /* Networking.swift */ = {isa = PBXFileReference; fileEncoding = 4; lastKnownFileType = sourcecode.swift; path = Networking.swift; sourceTree = "<group>"; };
		02E521E71D340E3C007949E6 /* Model.swift */ = {isa = PBXFileReference; fileEncoding = 4; lastKnownFileType = sourcecode.swift; path = Model.swift; sourceTree = "<group>"; };
		02E522231D342B3D007949E6 /* Goal+CoreDataProperties.swift */ = {isa = PBXFileReference; fileEncoding = 4; lastKnownFileType = sourcecode.swift; name = "Goal+CoreDataProperties.swift"; path = "Model/Goal+CoreDataProperties.swift"; sourceTree = "<group>"; };
		02E522241D342B3D007949E6 /* Goal.swift */ = {isa = PBXFileReference; fileEncoding = 4; lastKnownFileType = sourcecode.swift; name = Goal.swift; path = Model/Goal.swift; sourceTree = "<group>"; };
		02E5222D1D342CA2007949E6 /* GoalCell.swift */ = {isa = PBXFileReference; fileEncoding = 4; lastKnownFileType = sourcecode.swift; path = GoalCell.swift; sourceTree = "<group>"; };
		02E5222F1D342CAC007949E6 /* ActionCell.swift */ = {isa = PBXFileReference; fileEncoding = 4; lastKnownFileType = sourcecode.swift; path = ActionCell.swift; sourceTree = "<group>"; };
		3B32E4411D540B5B2B4D4153 /* Pods-Simple.debug.xcconfig */ = {isa = PBXFileReference; includeInIndex = 1; lastKnownFileType = text.xcconfig; name = "Pods-Simple.debug.xcconfig"; path = "Pods/Target Support Files/Pods-Simple/Pods-Simple.debug.xcconfig"; sourceTree = "<group>"; };
		BE56CD771DE305C60082CC44 /* Simple 3.xcdatamodel */ = {isa = PBXFileReference; lastKnownFileType = wrapper.xcdatamodel; path = "Simple 3.xcdatamodel"; sourceTree = "<group>"; };
		BE607F571D352A0000D02127 /* Action+CoreDataProperties.swift */ = {isa = PBXFileReference; fileEncoding = 4; lastKnownFileType = sourcecode.swift; name = "Action+CoreDataProperties.swift"; path = "Model/Action+CoreDataProperties.swift"; sourceTree = "<group>"; };
		BE607F581D352A0000D02127 /* Action.swift */ = {isa = PBXFileReference; fileEncoding = 4; lastKnownFileType = sourcecode.swift; name = Action.swift; path = Model/Action.swift; sourceTree = "<group>"; };
		BE607F5B1D352A8200D02127 /* CheckBoxLayer.swift */ = {isa = PBXFileReference; fileEncoding = 4; lastKnownFileType = sourcecode.swift; path = CheckBoxLayer.swift; sourceTree = "<group>"; };
		BE607F5D1D352A9300D02127 /* CheckBox.swift */ = {isa = PBXFileReference; fileEncoding = 4; lastKnownFileType = sourcecode.swift; path = CheckBox.swift; sourceTree = "<group>"; };
		BE607F601D36811F00D02127 /* ru */ = {isa = PBXFileReference; lastKnownFileType = text.plist.strings; name = ru; path = ru.lproj/LaunchScreen.strings; sourceTree = "<group>"; };
		BE607F611D36811F00D02127 /* ru */ = {isa = PBXFileReference; lastKnownFileType = text.plist.strings; name = ru; path = ru.lproj/Main.strings; sourceTree = "<group>"; };
		BE607F631D36832300D02127 /* SCLAlertView.swift */ = {isa = PBXFileReference; fileEncoding = 4; lastKnownFileType = sourcecode.swift; path = SCLAlertView.swift; sourceTree = "<group>"; };
		BE68EBB41DE2DEB300E487DA /* Constants.swift */ = {isa = PBXFileReference; fileEncoding = 4; lastKnownFileType = sourcecode.swift; path = Constants.swift; sourceTree = "<group>"; };
		BE9465021D47B12F0033EFE0 /* Simple 2.xcdatamodel */ = {isa = PBXFileReference; lastKnownFileType = wrapper.xcdatamodel; path = "Simple 2.xcdatamodel"; sourceTree = "<group>"; };
		BEF8A3351D23B9A00042F601 /* Simple.app */ = {isa = PBXFileReference; explicitFileType = wrapper.application; includeInIndex = 0; path = Simple.app; sourceTree = BUILT_PRODUCTS_DIR; };
		BEF8A3381D23B9A00042F601 /* AppDelegate.swift */ = {isa = PBXFileReference; lastKnownFileType = sourcecode.swift; path = AppDelegate.swift; sourceTree = "<group>"; };
		BEF8A33B1D23B9A00042F601 /* Simple.xcdatamodel */ = {isa = PBXFileReference; lastKnownFileType = wrapper.xcdatamodel; path = Simple.xcdatamodel; sourceTree = "<group>"; };
		BEF8A33D1D23B9A00042F601 /* GoalsVC.swift */ = {isa = PBXFileReference; lastKnownFileType = sourcecode.swift; path = GoalsVC.swift; sourceTree = "<group>"; };
		BEF8A33F1D23B9A00042F601 /* ActionsVC.swift */ = {isa = PBXFileReference; lastKnownFileType = sourcecode.swift; path = ActionsVC.swift; sourceTree = "<group>"; };
		BEF8A3421D23B9A00042F601 /* Base */ = {isa = PBXFileReference; lastKnownFileType = file.storyboard; name = Base; path = Base.lproj/Main.storyboard; sourceTree = "<group>"; };
		BEF8A3441D23B9A00042F601 /* Assets.xcassets */ = {isa = PBXFileReference; lastKnownFileType = folder.assetcatalog; path = Assets.xcassets; sourceTree = "<group>"; };
		BEF8A3471D23B9A00042F601 /* Base */ = {isa = PBXFileReference; lastKnownFileType = file.storyboard; name = Base; path = Base.lproj/LaunchScreen.storyboard; sourceTree = "<group>"; };
		BEF8A3491D23B9A00042F601 /* Info.plist */ = {isa = PBXFileReference; lastKnownFileType = text.plist.xml; path = Info.plist; sourceTree = "<group>"; };
		BEFB8DCF1D70905200FE3929 /* NotificationCenter.framework */ = {isa = PBXFileReference; lastKnownFileType = wrapper.framework; name = NotificationCenter.framework; path = System/Library/Frameworks/NotificationCenter.framework; sourceTree = SDKROOT; };
		BEFB8DE31D7090F800FE3929 /* Just Do It.appex */ = {isa = PBXFileReference; explicitFileType = "wrapper.app-extension"; includeInIndex = 0; path = "Just Do It.appex"; sourceTree = BUILT_PRODUCTS_DIR; };
		BEFB8DE61D7090F800FE3929 /* TodayViewController.swift */ = {isa = PBXFileReference; lastKnownFileType = sourcecode.swift; path = TodayViewController.swift; sourceTree = "<group>"; };
		BEFB8DE91D7090F800FE3929 /* Base */ = {isa = PBXFileReference; lastKnownFileType = file.storyboard; name = Base; path = Base.lproj/MainInterface.storyboard; sourceTree = "<group>"; };
		BEFB8DEB1D7090F800FE3929 /* Info.plist */ = {isa = PBXFileReference; lastKnownFileType = text.plist.xml; path = Info.plist; sourceTree = "<group>"; };
		DF992F1BA2F437767AA9B81E /* Pods_Simple.framework */ = {isa = PBXFileReference; explicitFileType = wrapper.framework; includeInIndex = 0; path = Pods_Simple.framework; sourceTree = BUILT_PRODUCTS_DIR; };
		F8EC78266DD0792EC11799B0 /* Pods-Simple.release.xcconfig */ = {isa = PBXFileReference; includeInIndex = 1; lastKnownFileType = text.xcconfig; name = "Pods-Simple.release.xcconfig"; path = "Pods/Target Support Files/Pods-Simple/Pods-Simple.release.xcconfig"; sourceTree = "<group>"; };
/* End PBXFileReference section */

/* Begin PBXFrameworksBuildPhase section */
		BEF8A3321D23B9A00042F601 /* Frameworks */ = {
			isa = PBXFrameworksBuildPhase;
			buildActionMask = 2147483647;
			files = (
				05A106E7BDD6440EDFA3C4FE /* Pods_Simple.framework in Frameworks */,
			);
			runOnlyForDeploymentPostprocessing = 0;
		};
		BEFB8DE01D7090F800FE3929 /* Frameworks */ = {
			isa = PBXFrameworksBuildPhase;
			buildActionMask = 2147483647;
			files = (
				BEFB8DE41D7090F800FE3929 /* NotificationCenter.framework in Frameworks */,
			);
			runOnlyForDeploymentPostprocessing = 0;
		};
/* End PBXFrameworksBuildPhase section */

/* Begin PBXGroup section */
		02E521E91D34155A007949E6 /* Support */ = {
			isa = PBXGroup;
			children = (
				BEF8A3381D23B9A00042F601 /* AppDelegate.swift */,
				BEF8A3491D23B9A00042F601 /* Info.plist */,
				BEF8A3461D23B9A00042F601 /* LaunchScreen.storyboard */,
				BEF8A3411D23B9A00042F601 /* Main.storyboard */,
				BEF8A3441D23B9A00042F601 /* Assets.xcassets */,
			);
			name = Support;
			sourceTree = "<group>";
		};
		02E521EA1D34156E007949E6 /* Model */ = {
			isa = PBXGroup;
			children = (
				02E522231D342B3D007949E6 /* Goal+CoreDataProperties.swift */,
				02E522241D342B3D007949E6 /* Goal.swift */,
				BE607F571D352A0000D02127 /* Action+CoreDataProperties.swift */,
				BE607F581D352A0000D02127 /* Action.swift */,
				BEF8A33A1D23B9A00042F601 /* Simple.xcdatamodeld */,
				02E521E71D340E3C007949E6 /* Model.swift */,
			);
			name = Model;
			sourceTree = "<group>";
		};
		02E5222B1D342C83007949E6 /* Controllers */ = {
			isa = PBXGroup;
			children = (
				BEF8A33D1D23B9A00042F601 /* GoalsVC.swift */,
				BEF8A33F1D23B9A00042F601 /* ActionsVC.swift */,
			);
			name = Controllers;
			sourceTree = "<group>";
		};
		02E5222C1D342C8C007949E6 /* View */ = {
			isa = PBXGroup;
			children = (
				BE607F5F1D36439E00D02127 /* CheckBox */,
				02E5222D1D342CA2007949E6 /* GoalCell.swift */,
				02E5222F1D342CAC007949E6 /* ActionCell.swift */,
			);
			name = View;
			sourceTree = "<group>";
		};
		2C090F94547F43B6AB9848D0 /* Frameworks */ = {
			isa = PBXGroup;
			children = (
				BEFB8DCF1D70905200FE3929 /* NotificationCenter.framework */,
				DF992F1BA2F437767AA9B81E /* Pods_Simple.framework */,
			);
			name = Frameworks;
			sourceTree = "<group>";
		};
		41C519AB36DFE4D994AA54F9 /* Pods */ = {
			isa = PBXGroup;
			children = (
				3B32E4411D540B5B2B4D4153 /* Pods-Simple.debug.xcconfig */,
				F8EC78266DD0792EC11799B0 /* Pods-Simple.release.xcconfig */,
			);
			name = Pods;
			sourceTree = "<group>";
		};
		BE607F5F1D36439E00D02127 /* CheckBox */ = {
			isa = PBXGroup;
			children = (
				BE607F5D1D352A9300D02127 /* CheckBox.swift */,
				BE607F5B1D352A8200D02127 /* CheckBoxLayer.swift */,
			);
			name = CheckBox;
			sourceTree = "<group>";
		};
		BE607F621D36831800D02127 /* Vendor */ = {
			isa = PBXGroup;
			children = (
				BE607F651D36832C00D02127 /* SCLAlertView */,
			);
			name = Vendor;
			sourceTree = "<group>";
		};
		BE607F651D36832C00D02127 /* SCLAlertView */ = {
			isa = PBXGroup;
			children = (
				BE607F631D36832300D02127 /* SCLAlertView.swift */,
			);
			name = SCLAlertView;
			sourceTree = "<group>";
		};
		BEF8A32C1D23B9A00042F601 = {
			isa = PBXGroup;
			children = (
				BEF8A3371D23B9A00042F601 /* Simple */,
				BEFB8DE51D7090F800FE3929 /* Just Do It */,
				BEF8A3361D23B9A00042F601 /* Products */,
				2C090F94547F43B6AB9848D0 /* Frameworks */,
				41C519AB36DFE4D994AA54F9 /* Pods */,
			);
			sourceTree = "<group>";
		};
		BEF8A3361D23B9A00042F601 /* Products */ = {
			isa = PBXGroup;
			children = (
				BEF8A3351D23B9A00042F601 /* Simple.app */,
				BEFB8DE31D7090F800FE3929 /* Just Do It.appex */,
			);
			name = Products;
			sourceTree = "<group>";
		};
		BEF8A3371D23B9A00042F601 /* Simple */ = {
			isa = PBXGroup;
			children = (
				BE68EBB41DE2DEB300E487DA /* Constants.swift */,
				02439D901DE22C82008CB292 /* Networking.swift */,
				BE607F621D36831800D02127 /* Vendor */,
				02E521EA1D34156E007949E6 /* Model */,
				02E5222C1D342C8C007949E6 /* View */,
				02E5222B1D342C83007949E6 /* Controllers */,
				02E521E91D34155A007949E6 /* Support */,
			);
			path = Simple;
			sourceTree = "<group>";
		};
		BEFB8DE51D7090F800FE3929 /* Just Do It */ = {
			isa = PBXGroup;
			children = (
				BEFB8DE61D7090F800FE3929 /* TodayViewController.swift */,
				BEFB8DE81D7090F800FE3929 /* MainInterface.storyboard */,
				BEFB8DEB1D7090F800FE3929 /* Info.plist */,
			);
			path = "Just Do It";
			sourceTree = "<group>";
		};
/* End PBXGroup section */

/* Begin PBXNativeTarget section */
		BEF8A3341D23B9A00042F601 /* Simple */ = {
			isa = PBXNativeTarget;
			buildConfigurationList = BEF8A34C1D23B9A00042F601 /* Build configuration list for PBXNativeTarget "Simple" */;
			buildPhases = (
				F6036CCA8767966DDB441BEE /* [CP] Check Pods Manifest.lock */,
				BEF8A3311D23B9A00042F601 /* Sources */,
				BEF8A3321D23B9A00042F601 /* Frameworks */,
				BEF8A3331D23B9A00042F601 /* Resources */,
				BEFB8DDE1D70905200FE3929 /* Embed App Extensions */,
				AE3A36570CAD430025EE5CED /* [CP] Embed Pods Frameworks */,
				F89372A8F50BB7FC7F2FF1C3 /* [CP] Copy Pods Resources */,
			);
			buildRules = (
			);
			dependencies = (
				BEFB8DED1D7090F800FE3929 /* PBXTargetDependency */,
			);
			name = Simple;
			productName = Simple;
			productReference = BEF8A3351D23B9A00042F601 /* Simple.app */;
			productType = "com.apple.product-type.application";
		};
		BEFB8DE21D7090F800FE3929 /* Just Do It */ = {
			isa = PBXNativeTarget;
			buildConfigurationList = BEFB8DEF1D7090F800FE3929 /* Build configuration list for PBXNativeTarget "Just Do It" */;
			buildPhases = (
				BEFB8DDF1D7090F800FE3929 /* Sources */,
				BEFB8DE01D7090F800FE3929 /* Frameworks */,
				BEFB8DE11D7090F800FE3929 /* Resources */,
			);
			buildRules = (
			);
			dependencies = (
			);
			name = "Just Do It";
			productName = "Just Do It";
			productReference = BEFB8DE31D7090F800FE3929 /* Just Do It.appex */;
			productType = "com.apple.product-type.app-extension";
		};
/* End PBXNativeTarget section */

/* Begin PBXProject section */
		BEF8A32D1D23B9A00042F601 /* Project object */ = {
			isa = PBXProject;
			attributes = {
				LastSwiftUpdateCheck = 0730;
				LastUpgradeCheck = 0730;
				ORGANIZATIONNAME = "Артем Валиев";
				TargetAttributes = {
					BEF8A3341D23B9A00042F601 = {
						CreatedOnToolsVersion = 7.3.1;
						DevelopmentTeam = 63X37KGE26;
						LastSwiftMigration = 0810;
					};
					BEFB8DE21D7090F800FE3929 = {
						CreatedOnToolsVersion = 7.3.1;
						DevelopmentTeam = 63X37KGE26;
						LastSwiftMigration = 0810;
					};
				};
			};
			buildConfigurationList = BEF8A3301D23B9A00042F601 /* Build configuration list for PBXProject "Simple" */;
			compatibilityVersion = "Xcode 3.2";
			developmentRegion = English;
			hasScannedForEncodings = 0;
			knownRegions = (
				en,
				Base,
			);
			mainGroup = BEF8A32C1D23B9A00042F601;
			productRefGroup = BEF8A3361D23B9A00042F601 /* Products */;
			projectDirPath = "";
			projectRoot = "";
			targets = (
				BEF8A3341D23B9A00042F601 /* Simple */,
				BEFB8DE21D7090F800FE3929 /* Just Do It */,
			);
		};
/* End PBXProject section */

/* Begin PBXResourcesBuildPhase section */
		BEF8A3331D23B9A00042F601 /* Resources */ = {
			isa = PBXResourcesBuildPhase;
			buildActionMask = 2147483647;
			files = (
				BEF8A3481D23B9A00042F601 /* LaunchScreen.storyboard in Resources */,
				BEF8A3451D23B9A00042F601 /* Assets.xcassets in Resources */,
				BEF8A3431D23B9A00042F601 /* Main.storyboard in Resources */,
			);
			runOnlyForDeploymentPostprocessing = 0;
		};
		BEFB8DE11D7090F800FE3929 /* Resources */ = {
			isa = PBXResourcesBuildPhase;
			buildActionMask = 2147483647;
			files = (
				BEFB8DEA1D7090F800FE3929 /* MainInterface.storyboard in Resources */,
			);
			runOnlyForDeploymentPostprocessing = 0;
		};
/* End PBXResourcesBuildPhase section */

/* Begin PBXShellScriptBuildPhase section */
		AE3A36570CAD430025EE5CED /* [CP] Embed Pods Frameworks */ = {
			isa = PBXShellScriptBuildPhase;
			buildActionMask = 2147483647;
			files = (
			);
			inputPaths = (
			);
			name = "[CP] Embed Pods Frameworks";
			outputPaths = (
			);
			runOnlyForDeploymentPostprocessing = 0;
			shellPath = /bin/sh;
			shellScript = "\"${SRCROOT}/Pods/Target Support Files/Pods-Simple/Pods-Simple-frameworks.sh\"\n";
			showEnvVarsInLog = 0;
		};
		F6036CCA8767966DDB441BEE /* [CP] Check Pods Manifest.lock */ = {
			isa = PBXShellScriptBuildPhase;
			buildActionMask = 2147483647;
			files = (
			);
			inputPaths = (
			);
			name = "[CP] Check Pods Manifest.lock";
			outputPaths = (
			);
			runOnlyForDeploymentPostprocessing = 0;
			shellPath = /bin/sh;
			shellScript = "diff \"${PODS_ROOT}/../Podfile.lock\" \"${PODS_ROOT}/Manifest.lock\" > /dev/null\nif [ $? != 0 ] ; then\n    # print error to STDERR\n    echo \"error: The sandbox is not in sync with the Podfile.lock. Run 'pod install' or update your CocoaPods installation.\" >&2\n    exit 1\nfi\n";
			showEnvVarsInLog = 0;
		};
		F89372A8F50BB7FC7F2FF1C3 /* [CP] Copy Pods Resources */ = {
			isa = PBXShellScriptBuildPhase;
			buildActionMask = 2147483647;
			files = (
			);
			inputPaths = (
			);
			name = "[CP] Copy Pods Resources";
			outputPaths = (
			);
			runOnlyForDeploymentPostprocessing = 0;
			shellPath = /bin/sh;
			shellScript = "\"${SRCROOT}/Pods/Target Support Files/Pods-Simple/Pods-Simple-resources.sh\"\n";
			showEnvVarsInLog = 0;
		};
/* End PBXShellScriptBuildPhase section */

/* Begin PBXSourcesBuildPhase section */
		BEF8A3311D23B9A00042F601 /* Sources */ = {
			isa = PBXSourcesBuildPhase;
			buildActionMask = 2147483647;
			files = (
				02E521E81D340E3C007949E6 /* Model.swift in Sources */,
				BE607F5A1D352A0000D02127 /* Action.swift in Sources */,
				BEF8A3391D23B9A00042F601 /* AppDelegate.swift in Sources */,
				02E522271D342B3D007949E6 /* Goal+CoreDataProperties.swift in Sources */,
				BE607F591D352A0000D02127 /* Action+CoreDataProperties.swift in Sources */,
				02E522301D342CAC007949E6 /* ActionCell.swift in Sources */,
				02439D911DE22C82008CB292 /* Networking.swift in Sources */,
				BE68EBB51DE2DEB300E487DA /* Constants.swift in Sources */,
				BEF8A33C1D23B9A00042F601 /* Simple.xcdatamodeld in Sources */,
				BEF8A33E1D23B9A00042F601 /* GoalsVC.swift in Sources */,
				BEF8A3401D23B9A00042F601 /* ActionsVC.swift in Sources */,
				02E5222E1D342CA2007949E6 /* GoalCell.swift in Sources */,
				BE607F5C1D352A8200D02127 /* CheckBoxLayer.swift in Sources */,
				BE607F5E1D352A9300D02127 /* CheckBox.swift in Sources */,
				BE607F641D36832300D02127 /* SCLAlertView.swift in Sources */,
				02E522281D342B3D007949E6 /* Goal.swift in Sources */,
			);
			runOnlyForDeploymentPostprocessing = 0;
		};
		BEFB8DDF1D7090F800FE3929 /* Sources */ = {
			isa = PBXSourcesBuildPhase;
			buildActionMask = 2147483647;
			files = (
				BEFB8DE71D7090F800FE3929 /* TodayViewController.swift in Sources */,
			);
			runOnlyForDeploymentPostprocessing = 0;
		};
/* End PBXSourcesBuildPhase section */

/* Begin PBXTargetDependency section */
		BEFB8DED1D7090F800FE3929 /* PBXTargetDependency */ = {
			isa = PBXTargetDependency;
			target = BEFB8DE21D7090F800FE3929 /* Just Do It */;
			targetProxy = BEFB8DEC1D7090F800FE3929 /* PBXContainerItemProxy */;
		};
/* End PBXTargetDependency section */

/* Begin PBXVariantGroup section */
		BEF8A3411D23B9A00042F601 /* Main.storyboard */ = {
			isa = PBXVariantGroup;
			children = (
				BEF8A3421D23B9A00042F601 /* Base */,
				BE607F611D36811F00D02127 /* ru */,
			);
			name = Main.storyboard;
			sourceTree = "<group>";
		};
		BEF8A3461D23B9A00042F601 /* LaunchScreen.storyboard */ = {
			isa = PBXVariantGroup;
			children = (
				BEF8A3471D23B9A00042F601 /* Base */,
				BE607F601D36811F00D02127 /* ru */,
			);
			name = LaunchScreen.storyboard;
			sourceTree = "<group>";
		};
		BEFB8DE81D7090F800FE3929 /* MainInterface.storyboard */ = {
			isa = PBXVariantGroup;
			children = (
				BEFB8DE91D7090F800FE3929 /* Base */,
			);
			name = MainInterface.storyboard;
			sourceTree = "<group>";
		};
/* End PBXVariantGroup section */

/* Begin XCBuildConfiguration section */
		BEF8A34A1D23B9A00042F601 /* Debug */ = {
			isa = XCBuildConfiguration;
			buildSettings = {
				ALWAYS_SEARCH_USER_PATHS = NO;
				CLANG_ANALYZER_NONNULL = YES;
				CLANG_CXX_LANGUAGE_STANDARD = "gnu++0x";
				CLANG_CXX_LIBRARY = "libc++";
				CLANG_ENABLE_MODULES = YES;
				CLANG_ENABLE_OBJC_ARC = YES;
				CLANG_WARN_BOOL_CONVERSION = YES;
				CLANG_WARN_CONSTANT_CONVERSION = YES;
				CLANG_WARN_DIRECT_OBJC_ISA_USAGE = YES_ERROR;
				CLANG_WARN_EMPTY_BODY = YES;
				CLANG_WARN_ENUM_CONVERSION = YES;
				CLANG_WARN_INT_CONVERSION = YES;
				CLANG_WARN_OBJC_ROOT_CLASS = YES_ERROR;
				CLANG_WARN_UNREACHABLE_CODE = YES;
				CLANG_WARN__DUPLICATE_METHOD_MATCH = YES;
				"CODE_SIGN_IDENTITY[sdk=iphoneos*]" = "iPhone Developer";
				COPY_PHASE_STRIP = NO;
				DEBUG_INFORMATION_FORMAT = dwarf;
				ENABLE_STRICT_OBJC_MSGSEND = YES;
				ENABLE_TESTABILITY = YES;
				GCC_C_LANGUAGE_STANDARD = gnu99;
				GCC_DYNAMIC_NO_PIC = NO;
				GCC_NO_COMMON_BLOCKS = YES;
				GCC_OPTIMIZATION_LEVEL = 0;
				GCC_PREPROCESSOR_DEFINITIONS = (
					"DEBUG=1",
					"$(inherited)",
				);
				GCC_WARN_64_TO_32_BIT_CONVERSION = YES;
				GCC_WARN_ABOUT_RETURN_TYPE = YES_ERROR;
				GCC_WARN_UNDECLARED_SELECTOR = YES;
				GCC_WARN_UNINITIALIZED_AUTOS = YES_AGGRESSIVE;
				GCC_WARN_UNUSED_FUNCTION = YES;
				GCC_WARN_UNUSED_VARIABLE = YES;
				IPHONEOS_DEPLOYMENT_TARGET = 9.3;
				MTL_ENABLE_DEBUG_INFO = YES;
				ONLY_ACTIVE_ARCH = YES;
				SDKROOT = iphoneos;
				SWIFT_OPTIMIZATION_LEVEL = "-Onone";
				TARGETED_DEVICE_FAMILY = "1,2";
			};
			name = Debug;
		};
		BEF8A34B1D23B9A00042F601 /* Release */ = {
			isa = XCBuildConfiguration;
			buildSettings = {
				ALWAYS_SEARCH_USER_PATHS = NO;
				CLANG_ANALYZER_NONNULL = YES;
				CLANG_CXX_LANGUAGE_STANDARD = "gnu++0x";
				CLANG_CXX_LIBRARY = "libc++";
				CLANG_ENABLE_MODULES = YES;
				CLANG_ENABLE_OBJC_ARC = YES;
				CLANG_WARN_BOOL_CONVERSION = YES;
				CLANG_WARN_CONSTANT_CONVERSION = YES;
				CLANG_WARN_DIRECT_OBJC_ISA_USAGE = YES_ERROR;
				CLANG_WARN_EMPTY_BODY = YES;
				CLANG_WARN_ENUM_CONVERSION = YES;
				CLANG_WARN_INT_CONVERSION = YES;
				CLANG_WARN_OBJC_ROOT_CLASS = YES_ERROR;
				CLANG_WARN_UNREACHABLE_CODE = YES;
				CLANG_WARN__DUPLICATE_METHOD_MATCH = YES;
				"CODE_SIGN_IDENTITY[sdk=iphoneos*]" = "iPhone Developer";
				COPY_PHASE_STRIP = NO;
				DEBUG_INFORMATION_FORMAT = "dwarf-with-dsym";
				ENABLE_NS_ASSERTIONS = NO;
				ENABLE_STRICT_OBJC_MSGSEND = YES;
				GCC_C_LANGUAGE_STANDARD = gnu99;
				GCC_NO_COMMON_BLOCKS = YES;
				GCC_WARN_64_TO_32_BIT_CONVERSION = YES;
				GCC_WARN_ABOUT_RETURN_TYPE = YES_ERROR;
				GCC_WARN_UNDECLARED_SELECTOR = YES;
				GCC_WARN_UNINITIALIZED_AUTOS = YES_AGGRESSIVE;
				GCC_WARN_UNUSED_FUNCTION = YES;
				GCC_WARN_UNUSED_VARIABLE = YES;
				IPHONEOS_DEPLOYMENT_TARGET = 9.3;
				MTL_ENABLE_DEBUG_INFO = NO;
				SDKROOT = iphoneos;
				TARGETED_DEVICE_FAMILY = "1,2";
				VALIDATE_PRODUCT = YES;
			};
			name = Release;
		};
		BEF8A34D1D23B9A00042F601 /* Debug */ = {
			isa = XCBuildConfiguration;
			baseConfigurationReference = 3B32E4411D540B5B2B4D4153 /* Pods-Simple.debug.xcconfig */;
			buildSettings = {
				ASSETCATALOG_COMPILER_APPICON_NAME = AppIcon;
				CLANG_ENABLE_MODULES = YES;
				CODE_SIGN_IDENTITY = "iPhone Developer: Artem Valiev (S6K8NBWNJN)";
				"CODE_SIGN_IDENTITY[sdk=iphoneos*]" = "iPhone Developer: Artem Valiev (S6K8NBWNJN)";
				EMBEDDED_CONTENT_CONTAINS_SWIFT = YES;
				INFOPLIST_FILE = Simple/Info.plist;
				LD_RUNPATH_SEARCH_PATHS = "$(inherited) @executable_path/Frameworks";
				PRODUCT_BUNDLE_IDENTIFIER = com.artemvaliev.simple;
				PRODUCT_NAME = "$(TARGET_NAME)";
				PROVISIONING_PROFILE = "2f3f4f0d-4b11-4d14-87c7-24d74b704409";
				SWIFT_OBJC_BRIDGING_HEADER = "";
				SWIFT_OPTIMIZATION_LEVEL = "-Onone";
				SWIFT_VERSION = 3.0.1;
			};
			name = Debug;
		};
		BEF8A34E1D23B9A00042F601 /* Release */ = {
			isa = XCBuildConfiguration;
			baseConfigurationReference = F8EC78266DD0792EC11799B0 /* Pods-Simple.release.xcconfig */;
			buildSettings = {
				ASSETCATALOG_COMPILER_APPICON_NAME = AppIcon;
				CLANG_ENABLE_MODULES = YES;
				CODE_SIGN_IDENTITY = "iPhone Developer: Artem Valiev (S6K8NBWNJN)";
				"CODE_SIGN_IDENTITY[sdk=iphoneos*]" = "iPhone Developer: Artem Valiev (S6K8NBWNJN)";
				EMBEDDED_CONTENT_CONTAINS_SWIFT = YES;
				INFOPLIST_FILE = Simple/Info.plist;
				LD_RUNPATH_SEARCH_PATHS = "$(inherited) @executable_path/Frameworks";
				PRODUCT_BUNDLE_IDENTIFIER = com.artemvaliev.simple;
				PRODUCT_NAME = "$(TARGET_NAME)";
				PROVISIONING_PROFILE = "2f3f4f0d-4b11-4d14-87c7-24d74b704409";
				SWIFT_OBJC_BRIDGING_HEADER = "";
				SWIFT_VERSION = 3.0.1;
			};
			name = Release;
		};
		BEFB8DF01D7090F800FE3929 /* Debug */ = {
			isa = XCBuildConfiguration;
			buildSettings = {
				CODE_SIGN_IDENTITY = "iPhone Developer: Artem Valiev (S6K8NBWNJN)";
				"CODE_SIGN_IDENTITY[sdk=iphoneos*]" = "iPhone Developer: Artem Valiev (S6K8NBWNJN)";
				INFOPLIST_FILE = "Just Do It/Info.plist";
				LD_RUNPATH_SEARCH_PATHS = "$(inherited) @executable_path/Frameworks @executable_path/../../Frameworks";
				PRODUCT_BUNDLE_IDENTIFIER = "com.artemvaliev.simple.Just-Do-It";
				PRODUCT_NAME = "$(TARGET_NAME)";
				SKIP_INSTALL = YES;
				SWIFT_VERSION = 3.0.1;
			};
			name = Debug;
		};
		BEFB8DF11D7090F800FE3929 /* Release */ = {
			isa = XCBuildConfiguration;
			buildSettings = {
				CODE_SIGN_IDENTITY = "iPhone Developer: Artem Valiev (S6K8NBWNJN)";
				"CODE_SIGN_IDENTITY[sdk=iphoneos*]" = "iPhone Developer: Artem Valiev (S6K8NBWNJN)";
				INFOPLIST_FILE = "Just Do It/Info.plist";
				LD_RUNPATH_SEARCH_PATHS = "$(inherited) @executable_path/Frameworks @executable_path/../../Frameworks";
				PRODUCT_BUNDLE_IDENTIFIER = "com.artemvaliev.simple.Just-Do-It";
				PRODUCT_NAME = "$(TARGET_NAME)";
				SKIP_INSTALL = YES;
				SWIFT_VERSION = 3.0.1;
			};
			name = Release;
		};
/* End XCBuildConfiguration section */

/* Begin XCConfigurationList section */
		BEF8A3301D23B9A00042F601 /* Build configuration list for PBXProject "Simple" */ = {
			isa = XCConfigurationList;
			buildConfigurations = (
				BEF8A34A1D23B9A00042F601 /* Debug */,
				BEF8A34B1D23B9A00042F601 /* Release */,
			);
			defaultConfigurationIsVisible = 0;
			defaultConfigurationName = Release;
		};
		BEF8A34C1D23B9A00042F601 /* Build configuration list for PBXNativeTarget "Simple" */ = {
			isa = XCConfigurationList;
			buildConfigurations = (
				BEF8A34D1D23B9A00042F601 /* Debug */,
				BEF8A34E1D23B9A00042F601 /* Release */,
			);
			defaultConfigurationIsVisible = 0;
			defaultConfigurationName = Release;
		};
		BEFB8DEF1D7090F800FE3929 /* Build configuration list for PBXNativeTarget "Just Do It" */ = {
			isa = XCConfigurationList;
			buildConfigurations = (
				BEFB8DF01D7090F800FE3929 /* Debug */,
				BEFB8DF11D7090F800FE3929 /* Release */,
			);
			defaultConfigurationIsVisible = 0;
			defaultConfigurationName = Release;
		};
/* End XCConfigurationList section */

/* Begin XCVersionGroup section */
		BEF8A33A1D23B9A00042F601 /* Simple.xcdatamodeld */ = {
			isa = XCVersionGroup;
			children = (
				BE56CD771DE305C60082CC44 /* Simple 3.xcdatamodel */,
				BE9465021D47B12F0033EFE0 /* Simple 2.xcdatamodel */,
				BEF8A33B1D23B9A00042F601 /* Simple.xcdatamodel */,
			);
			currentVersion = BE56CD771DE305C60082CC44 /* Simple 3.xcdatamodel */;
			path = Simple.xcdatamodeld;
			sourceTree = "<group>";
			versionGroupType = wrapper.xcdatamodel;
		};
/* End XCVersionGroup section */
	};
	rootObject = BEF8A32D1D23B9A00042F601 /* Project object */;
}
